{
  "version": "4",
  "specifiers": {
    "jsr:@hono/hono@^4.7.7": "4.7.7",
    "jsr:@iuioiua/redis@*": "1.1.1",
    "jsr:@std/bytes@^1.0.5": "1.0.5",
    "jsr:@std/collections@^1.0.10": "1.0.11",
    "npm:jose@5.9.6": "5.9.6",
    "npm:nanoid@*": "5.1.5"
  },
  "jsr": {
    "@hono/hono@4.7.7": {
      "integrity": "74ea9985cb405fada079a922538f6baa06fa1ee150ce409c5bdae2c89ac05cba"
    },
    "@iuioiua/redis@1.1.1": {
      "integrity": "09b2490429e463af6202f8b86699e2e3d8ff02ca9a6bac41e220b6f790a63125",
      "dependencies": [
        "jsr:@std/bytes",
        "jsr:@std/collections"
      ]
    },
    "@std/bytes@1.0.5": {
      "integrity": "4465dd739d7963d964c809202ebea6d5c6b8e3829ef25c6a224290fbb8a1021e"
    },
    "@std/collections@1.0.11": {
      "integrity": "2f62cf9587484b1fff364f6c3e1f83478eea53dbb6faed6ffeda92ddb6b172f0"
    }
  },
  "npm": {
    "jose@5.9.6": {
      "integrity": "sha512-AMlnetc9+CV9asI19zHmrgS/WYsWUwCn2R7RzlbJWD7F9eWYUTGyBmU9o6PxngtLGOiDGPRu+Uc4fhKzbpteZQ=="
    },
    "nanoid@5.1.5": {
      "integrity": "sha512-Ir/+ZpE9fDsNH0hQ3C68uyThDXzYcim2EqcZ8zn8Chtt1iylPT9xXJB0kPCnqzgcEGikO9RxSrh63MsmVCU7Fw=="
    }
  },
  "workspace": {
    "dependencies": [
      "jsr:@db/redis@0.39",
      "jsr:@hono/hono@^4.7.7",
      "jsr:@std/assert@1"
    ]
  }
}
